{
    "_readme": [
        "This file locks the dependencies of your project to a known state",
        "Read more about it at https://getcomposer.org/doc/01-basic-usage.md#installing-dependencies",
        "This file is @generated automatically"
    ],
    "content-hash": "3a5a6c23a06dc5fe5b2eb79a54524fb7",
    "packages": [],
    "packages-dev": [
        {
            "name": "dealerdirect/phpcodesniffer-composer-installer",
            "version": "v1.0.0",
            "source": {
                "type": "git",
                "url": "https://github.com/PHPCSStandards/composer-installer.git",
                "reference": "4be43904336affa5c2f70744a348312336afd0da"
            },
            "dist": {
                "type": "zip",
                "url": "https://api.github.com/repos/PHPCSStandards/composer-installer/zipball/4be43904336affa5c2f70744a348312336afd0da",
                "reference": "4be43904336affa5c2f70744a348312336afd0da",
                "shasum": ""
            },
            "require": {
                "composer-plugin-api": "^1.0 || ^2.0",
                "php": ">=5.4",
                "squizlabs/php_codesniffer": "^2.0 || ^3.1.0 || ^4.0"
            },
            "require-dev": {
                "composer/composer": "*",
                "ext-json": "*",
                "ext-zip": "*",
                "php-parallel-lint/php-parallel-lint": "^1.3.1",
                "phpcompatibility/php-compatibility": "^9.0",
                "yoast/phpunit-polyfills": "^1.0"
            },
            "type": "composer-plugin",
            "extra": {
                "class": "PHPCSStandards\\Composer\\Plugin\\Installers\\PHPCodeSniffer\\Plugin"
            },
            "autoload": {
                "psr-4": {
                    "PHPCSStandards\\Composer\\Plugin\\Installers\\PHPCodeSniffer\\": "src/"
                }
            },
            "notification-url": "https://packagist.org/downloads/",
            "license": [
                "MIT"
            ],
            "authors": [
                {
                    "name": "Franck Nijhof",
                    "email": "franck.nijhof@dealerdirect.com",
                    "homepage": "http://www.frenck.nl",
                    "role": "Developer / IT Manager"
                },
                {
                    "name": "Contributors",
                    "homepage": "https://github.com/PHPCSStandards/composer-installer/graphs/contributors"
                }
            ],
            "description": "PHP_CodeSniffer Standards Composer Installer Plugin",
            "homepage": "http://www.dealerdirect.com",
            "keywords": [
                "PHPCodeSniffer",
                "PHP_CodeSniffer",
                "code quality",
                "codesniffer",
                "composer",
                "installer",
                "phpcbf",
                "phpcs",
                "plugin",
                "qa",
                "quality",
                "standard",
                "standards",
                "style guide",
                "stylecheck",
                "tests"
            ],
            "support": {
                "issues": "https://github.com/PHPCSStandards/composer-installer/issues",
                "source": "https://github.com/PHPCSStandards/composer-installer"
            },
            "time": "2023-01-05T11:28:13+00:00"
        },
        {
            "name": "phpcompatibility/php-compatibility",
            "version": "9.3.5",
            "source": {
                "type": "git",
                "url": "https://github.com/PHPCompatibility/PHPCompatibility.git",
                "reference": "9fb324479acf6f39452e0655d2429cc0d3914243"
            },
            "dist": {
                "type": "zip",
                "url": "https://api.github.com/repos/PHPCompatibility/PHPCompatibility/zipball/9fb324479acf6f39452e0655d2429cc0d3914243",
                "reference": "9fb324479acf6f39452e0655d2429cc0d3914243",
                "shasum": ""
            },
            "require": {
                "php": ">=5.3",
                "squizlabs/php_codesniffer": "^2.3 || ^3.0.2"
            },
            "conflict": {
                "squizlabs/php_codesniffer": "2.6.2"
            },
            "require-dev": {
                "phpunit/phpunit": "~4.5 || ^5.0 || ^6.0 || ^7.0"
            },
            "suggest": {
                "dealerdirect/phpcodesniffer-composer-installer": "^0.5 || This Composer plugin will sort out the PHPCS 'installed_paths' automatically.",
                "roave/security-advisories": "dev-master || Helps prevent installing dependencies with known security issues."
            },
            "type": "phpcodesniffer-standard",
            "notification-url": "https://packagist.org/downloads/",
            "license": [
                "LGPL-3.0-or-later"
            ],
            "authors": [
                {
                    "name": "Wim Godden",
                    "homepage": "https://github.com/wimg",
                    "role": "lead"
                },
                {
                    "name": "Juliette Reinders Folmer",
                    "homepage": "https://github.com/jrfnl",
                    "role": "lead"
                },
                {
                    "name": "Contributors",
                    "homepage": "https://github.com/PHPCompatibility/PHPCompatibility/graphs/contributors"
                }
            ],
            "description": "A set of sniffs for PHP_CodeSniffer that checks for PHP cross-version compatibility.",
            "homepage": "http://techblog.wimgodden.be/tag/codesniffer/",
            "keywords": [
                "compatibility",
                "phpcs",
                "standards"
            ],
            "support": {
                "issues": "https://github.com/PHPCompatibility/PHPCompatibility/issues",
                "source": "https://github.com/PHPCompatibility/PHPCompatibility"
            },
            "time": "2019-12-27T09:44:58+00:00"
        },
        {
            "name": "phpstan/phpstan",
            "version": "1.12.0",
            "source": {
                "type": "git",
                "url": "https://github.com/phpstan/phpstan.git",
                "reference": "384af967d35b2162f69526c7276acadce534d0e1"
            },
            "dist": {
                "type": "zip",
                "url": "https://api.github.com/repos/phpstan/phpstan/zipball/384af967d35b2162f69526c7276acadce534d0e1",
                "reference": "384af967d35b2162f69526c7276acadce534d0e1",
                "shasum": ""
            },
            "require": {
                "php": "^7.2|^8.0"
            },
            "conflict": {
                "phpstan/phpstan-shim": "*"
            },
            "bin": [
                "phpstan",
                "phpstan.phar"
            ],
            "type": "library",
            "autoload": {
                "files": [
                    "bootstrap.php"
                ]
            },
            "notification-url": "https://packagist.org/downloads/",
            "license": [
                "MIT"
            ],
            "description": "PHPStan - PHP Static Analysis Tool",
            "keywords": [
                "dev",
                "static analysis"
            ],
            "support": {
                "docs": "https://phpstan.org/user-guide/getting-started",
                "forum": "https://github.com/phpstan/phpstan/discussions",
                "issues": "https://github.com/phpstan/phpstan/issues",
                "security": "https://github.com/phpstan/phpstan/security/policy",
                "source": "https://github.com/phpstan/phpstan-src"
            },
            "funding": [
                {
                    "url": "https://github.com/ondrejmirtes",
                    "type": "github"
                },
                {
                    "url": "https://github.com/phpstan",
                    "type": "github"
                }
            ],
            "time": "2024-08-27T09:18:05+00:00"
        },
        {
            "name": "squizlabs/php_codesniffer",
            "version": "3.10.2",
            "source": {
                "type": "git",
                "url": "https://github.com/PHPCSStandards/PHP_CodeSniffer.git",
                "reference": "86e5f5dd9a840c46810ebe5ff1885581c42a3017"
            },
            "dist": {
                "type": "zip",
                "url": "https://api.github.com/repos/PHPCSStandards/PHP_CodeSniffer/zipball/86e5f5dd9a840c46810ebe5ff1885581c42a3017",
                "reference": "86e5f5dd9a840c46810ebe5ff1885581c42a3017",
                "shasum": ""
            },
            "require": {
                "ext-simplexml": "*",
                "ext-tokenizer": "*",
                "ext-xmlwriter": "*",
                "php": ">=5.4.0"
            },
            "require-dev": {
                "phpunit/phpunit": "^4.0 || ^5.0 || ^6.0 || ^7.0 || ^8.0 || ^9.3.4"
            },
            "bin": [
                "bin/phpcbf",
                "bin/phpcs"
            ],
            "type": "library",
            "extra": {
                "branch-alias": {
                    "dev-master": "3.x-dev"
                }
            },
            "notification-url": "https://packagist.org/downloads/",
            "license": [
                "BSD-3-Clause"
            ],
            "authors": [
                {
                    "name": "Greg Sherwood",
                    "role": "Former lead"
                },
                {
                    "name": "Juliette Reinders Folmer",
                    "role": "Current lead"
                },
                {
                    "name": "Contributors",
                    "homepage": "https://github.com/PHPCSStandards/PHP_CodeSniffer/graphs/contributors"
                }
            ],
            "description": "PHP_CodeSniffer tokenizes PHP, JavaScript and CSS files and detects violations of a defined set of coding standards.",
            "homepage": "https://github.com/PHPCSStandards/PHP_CodeSniffer",
            "keywords": [
                "phpcs",
                "standards",
                "static analysis"
            ],
            "support": {
                "issues": "https://github.com/PHPCSStandards/PHP_CodeSniffer/issues",
                "security": "https://github.com/PHPCSStandards/PHP_CodeSniffer/security/policy",
                "source": "https://github.com/PHPCSStandards/PHP_CodeSniffer",
                "wiki": "https://github.com/PHPCSStandards/PHP_CodeSniffer/wiki"
            },
            "funding": [
                {
                    "url": "https://github.com/PHPCSStandards",
                    "type": "github"
                },
                {
                    "url": "https://github.com/jrfnl",
                    "type": "github"
                },
                {
                    "url": "https://opencollective.com/php_codesniffer",
                    "type": "open_collective"
                }
            ],
            "time": "2024-07-21T23:26:44+00:00"
        }
    ],
    "aliases": [],
    "minimum-stability": "stable",
    "stability-flags": [],
    "prefer-stable": false,
    "prefer-lowest": false,
    "platform": {
        "php": ">=8.0"
    },
    "platform-dev": [],
    "plugin-api-version": "2.6.0"
}
