# THIS IS AN AUTOGENERATED FILE. DO NOT EDIT THIS FILE DIRECTLY.
# yarn lockfile v1


"@babel/code-frame@7.12.11":
  "integrity" "sha512-Zt1yodBx1UcyiePMSkWnU4hPqhwq7hGi2nFL1LeA3EUl+q2LQx16MISgJ0+z7dnmgvP9QtIleuETGOiOH1RcIw=="
  "resolved" "https://registry.npmjs.org/@babel/code-frame/-/code-frame-7.12.11.tgz"
  "version" "7.12.11"
  dependencies:
    "@babel/highlight" "^7.10.4"

"@babel/helper-validator-identifier@^7.16.7":
  "integrity" "sha512-hsEnFemeiW4D08A5gUAZxLBTXpZ39P+a+DGDsHw1yxqyQ/jzFEnxf5uTEGp+3bzAbNOxU1paTgYS4ECU/IgfDw=="
  "resolved" "https://registry.npmjs.org/@babel/helper-validator-identifier/-/helper-validator-identifier-7.16.7.tgz"
  "version" "7.16.7"

"@babel/highlight@^7.10.4":
  "integrity" "sha512-5FnTQLSLswEj6IkgVw5KusNUUFY9ZGqe/TRFnP/BKYHYgfh7tc+C7mwiy95/yNP7Dh9x580Vv8r7u7ZfTBFxdw=="
  "resolved" "https://registry.npmjs.org/@babel/highlight/-/highlight-7.16.10.tgz"
  "version" "7.16.10"
  dependencies:
    "@babel/helper-validator-identifier" "^7.16.7"
    "chalk" "^2.0.0"
    "js-tokens" "^4.0.0"

"@bazel/typescript@^5.2.0":
  "integrity" "sha512-DGlzz2RmzRrNWhoL1ynr62qsTk5cUzjIJj2MreeQVoYHQZfB3FCCu/TGtDS5xyEbfWhsn7Zwo5qpOxvdYiPWng=="
  "resolved" "https://registry.npmjs.org/@bazel/typescript/-/typescript-5.5.3.tgz"
  "version" "5.5.3"
  dependencies:
    "@bazel/worker" "5.5.3"
    "semver" "5.6.0"
    "source-map-support" "0.5.9"
    "tsutils" "3.21.0"

"@bazel/worker@5.5.3":
  "integrity" "sha512-Wm0istBBko5w2ddDwCK4rvDQrWfeFGaWdG3iTNkYAHKfQrkgYeMucMoAbFB6LZ87KZKuBEN9KSDq+fi8MXtGlw=="
  "resolved" "https://registry.npmjs.org/@bazel/worker/-/worker-5.5.3.tgz"
  "version" "5.5.3"
  dependencies:
    "google-protobuf" "^3.6.1"

"@eslint/eslintrc@^0.4.3":
  "integrity" "sha512-J6KFFz5QCYUJq3pf0mjEcCJVERbzv71PUIDczuh9JkwGEzced6CO5ADLHB1rbf/+oPBtoPfMYNOpGDzCANlbXw=="
  "resolved" "https://registry.npmjs.org/@eslint/eslintrc/-/eslintrc-0.4.3.tgz"
  "version" "0.4.3"
  dependencies:
    "ajv" "^6.12.4"
    "debug" "^4.1.1"
    "espree" "^7.3.0"
    "globals" "^13.9.0"
    "ignore" "^4.0.6"
    "import-fresh" "^3.2.1"
    "js-yaml" "^3.13.1"
    "minimatch" "^3.0.4"
    "strip-json-comments" "^3.1.1"

"@humanwhocodes/config-array@^0.5.0":
  "integrity" "sha512-FagtKFz74XrTl7y6HCzQpwDfXP0yhxe9lHLD1UZxjvZIcbyRz8zTFF/yYNfSfzU414eDwZ1SrO0Qvtyf+wFMQg=="
  "resolved" "https://registry.npmjs.org/@humanwhocodes/config-array/-/config-array-0.5.0.tgz"
  "version" "0.5.0"
  dependencies:
    "@humanwhocodes/object-schema" "^1.2.0"
    "debug" "^4.1.1"
    "minimatch" "^3.0.4"

"@humanwhocodes/object-schema@^1.2.0":
  "integrity" "sha512-ZnQMnLV4e7hDlUvw8H+U8ASL02SS2Gn6+9Ac3wGGLIe7+je2AeAOxPY+izIPJDfFDb7eDjev0Us8MO1iFRN8hA=="
  "resolved" "https://registry.npmjs.org/@humanwhocodes/object-schema/-/object-schema-1.2.1.tgz"
  "version" "1.2.1"

"@nodelib/fs.scandir@2.1.5":
  "integrity" "sha512-vq24Bq3ym5HEQm2NKCr3yXDwjc7vTsEThRDnkp2DK9p1uqLR+DHurm/NOTo0KG7HYHU7eppKZj3MyqYuMBf62g=="
  "resolved" "https://registry.npmjs.org/@nodelib/fs.scandir/-/fs.scandir-2.1.5.tgz"
  "version" "2.1.5"
  dependencies:
    "@nodelib/fs.stat" "2.0.5"
    "run-parallel" "^1.1.9"

"@nodelib/fs.stat@^2.0.2", "@nodelib/fs.stat@2.0.5":
  "integrity" "sha512-RkhPPp2zrqDAQA/2jNhnztcPAlv64XdhIp7a7454A5ovI7Bukxgt7MX7udwAu3zg1DcpPU0rz3VV1SeaqvY4+A=="
  "resolved" "https://registry.npmjs.org/@nodelib/fs.stat/-/fs.stat-2.0.5.tgz"
  "version" "2.0.5"

"@nodelib/fs.walk@^1.2.3":
  "integrity" "sha512-oGB+UxlgWcgQkgwo8GcEGwemoTFt3FIO9ababBmaGwXIoBKZ+GTy0pP185beGg7Llih/NSHSV2XAs1lnznocSg=="
  "resolved" "https://registry.npmjs.org/@nodelib/fs.walk/-/fs.walk-1.2.8.tgz"
  "version" "1.2.8"
  dependencies:
    "@nodelib/fs.scandir" "2.1.5"
    "fastq" "^1.6.0"

"@types/json-schema@^7.0.7":
  "integrity" "sha512-qcUXuemtEu+E5wZSJHNxUXeCZhAfXKQ41D+duX+VYPde7xyEVZci+/oXKJL13tnRs9lR2pr4fod59GT6/X1/yQ=="
  "resolved" "https://registry.npmjs.org/@types/json-schema/-/json-schema-7.0.9.tgz"
  "version" "7.0.9"

"@types/node@17.0.21":
  "integrity" "sha512-DBZCJbhII3r90XbQxI8Y9IjjiiOGlZ0Hr32omXIZvwwZ7p4DMMXGrKXVyPfuoBOri9XNtL0UK69jYIBIsRX3QQ=="
  "resolved" "https://registry.npmjs.org/@types/node/-/node-17.0.21.tgz"
  "version" "17.0.21"

"@typescript-eslint/eslint-plugin@^4.12.0":
  "integrity" "sha512-aINiAxGVdOl1eJyVjaWn/YcVAq4Gi/Yo35qHGCnqbWVz61g39D0h23veY/MA0rFFGfxK7TySg2uwDeNv+JgVpg=="
  "resolved" "https://registry.npmjs.org/@typescript-eslint/eslint-plugin/-/eslint-plugin-4.33.0.tgz"
  "version" "4.33.0"
  dependencies:
    "@typescript-eslint/experimental-utils" "4.33.0"
    "@typescript-eslint/scope-manager" "4.33.0"
    "debug" "^4.3.1"
    "functional-red-black-tree" "^1.0.1"
    "ignore" "^5.1.8"
    "regexpp" "^3.1.0"
    "semver" "^7.3.5"
    "tsutils" "^3.21.0"

"@typescript-eslint/experimental-utils@4.33.0":
  "integrity" "sha512-zeQjOoES5JFjTnAhI5QY7ZviczMzDptls15GFsI6jyUOq0kOf9+WonkhtlIhh0RgHRnqj5gdNxW5j1EvAyYg6Q=="
  "resolved" "https://registry.npmjs.org/@typescript-eslint/experimental-utils/-/experimental-utils-4.33.0.tgz"
  "version" "4.33.0"
  dependencies:
    "@types/json-schema" "^7.0.7"
    "@typescript-eslint/scope-manager" "4.33.0"
    "@typescript-eslint/types" "4.33.0"
    "@typescript-eslint/typescript-estree" "4.33.0"
    "eslint-scope" "^5.1.1"
    "eslint-utils" "^3.0.0"

"@typescript-eslint/parser@^4.0.0", "@typescript-eslint/parser@^4.12.0":
  "integrity" "sha512-ZohdsbXadjGBSK0/r+d87X0SBmKzOq4/S5nzK6SBgJspFo9/CUDJ7hjayuze+JK7CZQLDMroqytp7pOcFKTxZA=="
  "resolved" "https://registry.npmjs.org/@typescript-eslint/parser/-/parser-4.33.0.tgz"
  "version" "4.33.0"
  dependencies:
    "@typescript-eslint/scope-manager" "4.33.0"
    "@typescript-eslint/types" "4.33.0"
    "@typescript-eslint/typescript-estree" "4.33.0"
    "debug" "^4.3.1"

"@typescript-eslint/scope-manager@4.33.0":
  "integrity" "sha512-5IfJHpgTsTZuONKbODctL4kKuQje/bzBRkwHE8UOZ4f89Zeddg+EGZs8PD8NcN4LdM3ygHWYB3ukPAYjvl/qbQ=="
  "resolved" "https://registry.npmjs.org/@typescript-eslint/scope-manager/-/scope-manager-4.33.0.tgz"
  "version" "4.33.0"
  dependencies:
    "@typescript-eslint/types" "4.33.0"
    "@typescript-eslint/visitor-keys" "4.33.0"

"@typescript-eslint/types@4.33.0":
  "integrity" "sha512-zKp7CjQzLQImXEpLt2BUw1tvOMPfNoTAfb8l51evhYbOEEzdWyQNmHWWGPR6hwKJDAi+1VXSBmnhL9kyVTTOuQ=="
  "resolved" "https://registry.npmjs.org/@typescript-eslint/types/-/types-4.33.0.tgz"
  "version" "4.33.0"

"@typescript-eslint/typescript-estree@4.33.0":
  "integrity" "sha512-rkWRY1MPFzjwnEVHsxGemDzqqddw2QbTJlICPD9p9I9LfsO8fdmfQPOX3uKfUaGRDFJbfrtm/sXhVXN4E+bzCA=="
  "resolved" "https://registry.npmjs.org/@typescript-eslint/typescript-estree/-/typescript-estree-4.33.0.tgz"
  "version" "4.33.0"
  dependencies:
    "@typescript-eslint/types" "4.33.0"
    "@typescript-eslint/visitor-keys" "4.33.0"
    "debug" "^4.3.1"
    "globby" "^11.0.3"
    "is-glob" "^4.0.1"
    "semver" "^7.3.5"
    "tsutils" "^3.21.0"

"@typescript-eslint/visitor-keys@4.33.0":
  "integrity" "sha512-uqi/2aSz9g2ftcHWf8uLPJA70rUv6yuMW5Bohw+bwcuzaxQIHaKFZCKGoGXIrc9vkTJ3+0txM73K0Hq3d5wgIg=="
  "resolved" "https://registry.npmjs.org/@typescript-eslint/visitor-keys/-/visitor-keys-4.33.0.tgz"
  "version" "4.33.0"
  dependencies:
    "@typescript-eslint/types" "4.33.0"
    "eslint-visitor-keys" "^2.0.0"

"acorn-jsx@^5.3.1":
  "integrity" "sha512-rq9s+JNhf0IChjtDXxllJ7g41oZk5SlXtp0LHwyA5cejwn7vKmKp4pPri6YEePv2PU65sAsegbXtIinmDFDXgQ=="
  "resolved" "https://registry.npmjs.org/acorn-jsx/-/acorn-jsx-5.3.2.tgz"
  "version" "5.3.2"

"acorn@^6.0.0 || ^7.0.0 || ^8.0.0", "acorn@^7.4.0":
  "integrity" "sha512-nQyp0o1/mNdbTO1PO6kHkwSrmgZ0MT/jCCpNiwbUjGoRN4dlBhqJtoQuCnEOKzgTVwg0ZWiCoQy6SxMebQVh8A=="
  "resolved" "https://registry.npmjs.org/acorn/-/acorn-7.4.1.tgz"
  "version" "7.4.1"

"ajv@^6.10.0", "ajv@^6.12.4":
  "integrity" "sha512-j3fVLgvTo527anyYyJOGTYJbG+vnnQYvE0m5mmkc1TK+nxAppkCLMIL0aZ4dblVCNoGShhm+kzE4ZUykBoMg4g=="
  "resolved" "https://registry.npmjs.org/ajv/-/ajv-6.12.6.tgz"
  "version" "6.12.6"
  dependencies:
    "fast-deep-equal" "^3.1.1"
    "fast-json-stable-stringify" "^2.0.0"
    "json-schema-traverse" "^0.4.1"
    "uri-js" "^4.2.2"

"ajv@^8.0.1":
  "integrity" "sha512-bzqAEZOjkrUMl2afH8dknrq5KEk2SrwdBROR+vH1EKVQTqaUbJVPdc/gEdggTMM0Se+s+Ja4ju4TlNcStKl2Hw=="
  "resolved" "https://registry.npmjs.org/ajv/-/ajv-8.10.0.tgz"
  "version" "8.10.0"
  dependencies:
    "fast-deep-equal" "^3.1.1"
    "json-schema-traverse" "^1.0.0"
    "require-from-string" "^2.0.2"
    "uri-js" "^4.2.2"

"ansi-colors@^4.1.1":
  "integrity" "sha512-JoX0apGbHaUJBNl6yF+p6JAFYZ666/hhCGKN5t9QFjbJQKUU/g8MNbFDbvfrgKXvI1QpZplPOnwIo99lX/AAmA=="
  "resolved" "https://registry.npmjs.org/ansi-colors/-/ansi-colors-4.1.1.tgz"
  "version" "4.1.1"

"ansi-regex@^5.0.1":
  "integrity" "sha512-quJQXlTSUGL2LH9SUXo8VwsY4soanhgo6LNSm84E1LBcE8s3O0wpdiRzyR9z/ZZJMlMWv37qOOb9pdJlMUEKFQ=="
  "resolved" "https://registry.npmjs.org/ansi-regex/-/ansi-regex-5.0.1.tgz"
  "version" "5.0.1"

"ansi-styles@^3.2.1":
  "integrity" "sha512-VT0ZI6kZRdTh8YyJw3SMbYm/u+NqfsAxEpWO0Pf9sq8/e94WxxOpPKx9FR1FlyCtOVDNOQ+8ntlqFxiRc+r5qA=="
  "resolved" "https://registry.npmjs.org/ansi-styles/-/ansi-styles-3.2.1.tgz"
  "version" "3.2.1"
  dependencies:
    "color-convert" "^1.9.0"

"ansi-styles@^4.0.0", "ansi-styles@^4.1.0":
  "integrity" "sha512-zbB9rCJAT1rbjiVDb2hqKFHNYLxgtk8NURxZ3IZwD3F6NtxbXZQCnnSi1Lkx+IDohdPlFp222wVALIheZJQSEg=="
  "resolved" "https://registry.npmjs.org/ansi-styles/-/ansi-styles-4.3.0.tgz"
  "version" "4.3.0"
  dependencies:
    "color-convert" "^2.0.1"

"argparse@^1.0.7":
  "integrity" "sha512-o5Roy6tNG4SL/FOkCAN6RzjiakZS25RLYFrcMttJqbdd8BWrnA+fGz57iN5Pb06pvBGvl5gQ0B48dJlslXvoTg=="
  "resolved" "https://registry.npmjs.org/argparse/-/argparse-1.0.10.tgz"
  "version" "1.0.10"
  dependencies:
    "sprintf-js" "~1.0.2"

"array-union@^2.1.0":
  "integrity" "sha512-HGyxoOTYUyCM6stUe6EJgnd4EoewAI7zMdfqO+kGjnlZmBDz/cR5pf8r/cR4Wq60sL/p0IkcjUEEPwS3GFrIyw=="
  "resolved" "https://registry.npmjs.org/array-union/-/array-union-2.1.0.tgz"
  "version" "2.1.0"

"astral-regex@^2.0.0":
  "integrity" "sha512-Z7tMw1ytTXt5jqMcOP+OQteU1VuNK9Y02uuJtKQ1Sv69jXQKKg5cibLwGJow8yzZP+eAc18EmLGPal0bp36rvQ=="
  "resolved" "https://registry.npmjs.org/astral-regex/-/astral-regex-2.0.0.tgz"
  "version" "2.0.0"

"balanced-match@^1.0.0":
  "integrity" "sha512-3oSeUO0TMV67hN1AmbXsK4yaqU7tjiHlbxRDZOpH0KW9+CeX4bRAaX0Anxt0tx2MrpRpWwQaPwIlISEJhYU5Pw=="
  "resolved" "https://registry.npmjs.org/balanced-match/-/balanced-match-1.0.2.tgz"
  "version" "1.0.2"

"brace-expansion@^1.1.7":
  "integrity" "sha512-iCuPHDFgrHX7H2vEI/5xpz07zSHB00TpugqhmYtVmMO6518mCuRMoOYFldEBl0g187ufozdaHgWKcYFb61qGiA=="
  "resolved" "https://registry.npmjs.org/brace-expansion/-/brace-expansion-1.1.11.tgz"
  "version" "1.1.11"
  dependencies:
    "balanced-match" "^1.0.0"
    "concat-map" "0.0.1"

"braces@^3.0.1":
  "integrity" "sha512-b8um+L1RzM3WDSzvhm6gIz1yfTbBt6YTlcEKAvsmqCZZFw46z626lVj9j1yEPW33H5H+lBQpZMP1k8l+78Ha0A=="
  "resolved" "https://registry.npmjs.org/braces/-/braces-3.0.2.tgz"
  "version" "3.0.2"
  dependencies:
    "fill-range" "^7.0.1"

"buffer-from@^1.0.0":
  "integrity" "sha512-E+XQCRwSbaaiChtv6k6Dwgc+bx+Bs6vuKJHHl5kox/BaKbhiXzqQOwK4cO22yElGp2OCmjwVhT3HmxgyPGnJfQ=="
  "resolved" "https://registry.npmjs.org/buffer-from/-/buffer-from-1.1.2.tgz"
  "version" "1.1.2"

"callsites@^3.0.0":
  "integrity" "sha512-P8BjAsXvZS+VIDUI11hHCQEv74YT67YUi5JJFNWIqL235sBmjX4+qx9Muvls5ivyNENctx46xQLQ3aTuE7ssaQ=="
  "resolved" "https://registry.npmjs.org/callsites/-/callsites-3.1.0.tgz"
  "version" "3.1.0"

"chalk@^2.0.0":
  "integrity" "sha512-Mti+f9lpJNcwF4tWV8/OrTTtF1gZi+f8FqlyAdouralcFWFQWF2+NgCHShjkCb+IFBLq9buZwE1xckQU4peSuQ=="
  "resolved" "https://registry.npmjs.org/chalk/-/chalk-2.4.2.tgz"
  "version" "2.4.2"
  dependencies:
    "ansi-styles" "^3.2.1"
    "escape-string-regexp" "^1.0.5"
    "supports-color" "^5.3.0"

"chalk@^4.0.0":
  "integrity" "sha512-oKnbhFyRIXpUuez8iBMmyEa4nbj4IOQyuhc/wy9kY7/WVPcwIO9VA668Pu8RkO7+0G76SLROeyw9CpQ061i4mA=="
  "resolved" "https://registry.npmjs.org/chalk/-/chalk-4.1.2.tgz"
  "version" "4.1.2"
  dependencies:
    "ansi-styles" "^4.1.0"
    "supports-color" "^7.1.0"

"color-convert@^1.9.0":
  "integrity" "sha512-QfAUtd+vFdAtFQcC8CCyYt1fYWxSqAiK2cSD6zDB8N3cpsEBAvRxp9zOGg6G/SHHJYAT88/az/IuDGALsNVbGg=="
  "resolved" "https://registry.npmjs.org/color-convert/-/color-convert-1.9.3.tgz"
  "version" "1.9.3"
  dependencies:
    "color-name" "1.1.3"

"color-convert@^2.0.1":
  "integrity" "sha512-RRECPsj7iu/xb5oKYcsFHSppFNnsj/52OVTRKb4zP5onXwVF3zVmmToNcOfGC+CRDpfK/U584fMg38ZHCaElKQ=="
  "resolved" "https://registry.npmjs.org/color-convert/-/color-convert-2.0.1.tgz"
  "version" "2.0.1"
  dependencies:
    "color-name" "~1.1.4"

"color-name@~1.1.4":
  "integrity" "sha512-dOy+3AuW3a2wNbZHIuMZpTcgjGuLU/uBL/ubcZF9OXbDo8ff4O8yVp5Bf0efS8uEoYo5q4Fx7dY9OgQGXgAsQA=="
  "resolved" "https://registry.npmjs.org/color-name/-/color-name-1.1.4.tgz"
  "version" "1.1.4"

"color-name@1.1.3":
  "integrity" "sha1-p9BVi9icQveV3UIyj3QIMcpTvCU= sha512-72fSenhMw2HZMTVHeCA9KCmpEIbzWiQsjN+BHcBbS9vr1mtt+vJjPdksIBNUmKAW8TFUDPJK5SUU3QhE9NEXDw=="
  "resolved" "https://registry.npmjs.org/color-name/-/color-name-1.1.3.tgz"
  "version" "1.1.3"

"concat-map@0.0.1":
  "integrity" "sha1-2Klr13/Wjfd5OnMDajug1UBdR3s= sha512-/Srv4dswyQNBfohGpz9o6Yb3Gz3SrUDqBH5rTuhGR7ahtlbYKnVxw2bCFMRljaA7EXHaXZ8wsHdodFvbkhKmqg=="
  "resolved" "https://registry.npmjs.org/concat-map/-/concat-map-0.0.1.tgz"
  "version" "0.0.1"

"cross-spawn@^7.0.2":
  "integrity" "sha512-iRDPJKUPVEND7dHPO8rkbOnPpyDygcDFtWjpeWNCgy8WP2rXcxXL8TskReQl6OrB2G7+UJrags1q15Fudc7G6w=="
  "resolved" "https://registry.npmjs.org/cross-spawn/-/cross-spawn-7.0.3.tgz"
  "version" "7.0.3"
  dependencies:
    "path-key" "^3.1.0"
    "shebang-command" "^2.0.0"
    "which" "^2.0.1"

"debug@^4.0.1", "debug@^4.1.1", "debug@^4.3.1":
  "integrity" "sha512-/zxw5+vh1Tfv+4Qn7a5nsbcJKPaSvCDhojn6FEl9vupwK2VCSDtEiEtqr8DFtzYFOdz63LBkxec7DYuc2jon6Q=="
  "resolved" "https://registry.npmjs.org/debug/-/debug-4.3.3.tgz"
  "version" "4.3.3"
  dependencies:
    "ms" "2.1.2"

"deep-is@^0.1.3":
  "integrity" "sha512-oIPzksmTg4/MriiaYGO+okXDT7ztn/w3Eptv/+gSIdMdKsJo0u4CfYNFJPy+4SKMuCqGw2wxnA+URMg3t8a/bQ=="
  "resolved" "https://registry.npmjs.org/deep-is/-/deep-is-0.1.4.tgz"
  "version" "0.1.4"

"dir-glob@^3.0.1":
  "integrity" "sha512-WkrWp9GR4KXfKGYzOLmTuGVi1UWFfws377n9cc55/tb6DuqyF6pcQ5AbiHEshaDpY9v6oaSr2XCDidGmMwdzIA=="
  "resolved" "https://registry.npmjs.org/dir-glob/-/dir-glob-3.0.1.tgz"
  "version" "3.0.1"
  dependencies:
    "path-type" "^4.0.0"

"doctrine@^3.0.0":
  "integrity" "sha512-yS+Q5i3hBf7GBkd4KG8a7eBNNWNGLTaEwwYWUijIYM7zrlYDM0BFXHjjPWlWZ1Rg7UaddZeIDmi9jF3HmqiQ2w=="
  "resolved" "https://registry.npmjs.org/doctrine/-/doctrine-3.0.0.tgz"
  "version" "3.0.0"
  dependencies:
    "esutils" "^2.0.2"

"emoji-regex@^8.0.0":
  "integrity" "sha512-MSjYzcWNOA0ewAHpz0MxpYFvwg6yjy1NG3xteoqz644VCo/RPgnr1/GGt+ic3iJTzQ8Eu3TdM14SawnVUmGE6A=="
  "resolved" "https://registry.npmjs.org/emoji-regex/-/emoji-regex-8.0.0.tgz"
  "version" "8.0.0"

"enquirer@^2.3.5":
  "integrity" "sha512-yjNnPr315/FjS4zIsUxYguYUPP2e1NK4d7E7ZOLiyYCcbFBiTMyID+2wvm2w6+pZ/odMA7cRkjhsPbltwBOrLg=="
  "resolved" "https://registry.npmjs.org/enquirer/-/enquirer-2.3.6.tgz"
  "version" "2.3.6"
  dependencies:
    "ansi-colors" "^4.1.1"

"escape-string-regexp@^1.0.5":
  "integrity" "sha1-G2HAViGQqN/2rjuyzwIAyhMLhtQ= sha512-vbRorB5FUQWvla16U8R/qgaFIya2qGzwDrNmCZuYKrbdSUMG6I1ZCGQRefkRVhuOkIGVne7BQ35DSfo1qvJqFg=="
  "resolved" "https://registry.npmjs.org/escape-string-regexp/-/escape-string-regexp-1.0.5.tgz"
  "version" "1.0.5"

"escape-string-regexp@^4.0.0":
  "integrity" "sha512-TtpcNJ3XAzx3Gq8sWRzJaVajRs0uVxA2YAkdb1jm2YkPz4G6egUFAyA3n5vtEIZefPk5Wa4UXbKuS5fKkJWdgA=="
  "resolved" "https://registry.npmjs.org/escape-string-regexp/-/escape-string-regexp-4.0.0.tgz"
  "version" "4.0.0"

"eslint-scope@^5.1.1":
  "integrity" "sha512-2NxwbF/hZ0KpepYN0cNbo+FN6XoK7GaHlQhgx/hIZl6Va0bF45RQOOwhLIy8lQDbuCiadSLCBnH2CFYquit5bw=="
  "resolved" "https://registry.npmjs.org/eslint-scope/-/eslint-scope-5.1.1.tgz"
  "version" "5.1.1"
  dependencies:
    "esrecurse" "^4.3.0"
    "estraverse" "^4.1.1"

"eslint-utils@^2.1.0":
  "integrity" "sha512-w94dQYoauyvlDc43XnGB8lU3Zt713vNChgt4EWwhXAP2XkBvndfxF0AgIqKOOasjPIPzj9JqgwkwbCYD0/V3Zg=="
  "resolved" "https://registry.npmjs.org/eslint-utils/-/eslint-utils-2.1.0.tgz"
  "version" "2.1.0"
  dependencies:
    "eslint-visitor-keys" "^1.1.0"

"eslint-utils@^3.0.0":
  "integrity" "sha512-uuQC43IGctw68pJA1RgbQS8/NP7rch6Cwd4j3ZBtgo4/8Flj4eGE7ZYSZRN3iq5pVUv6GPdW5Z1RFleo84uLDA=="
  "resolved" "https://registry.npmjs.org/eslint-utils/-/eslint-utils-3.0.0.tgz"
  "version" "3.0.0"
  dependencies:
    "eslint-visitor-keys" "^2.0.0"

"eslint-visitor-keys@^1.1.0":
  "integrity" "sha512-6J72N8UNa462wa/KFODt/PJ3IU60SDpC3QXC1Hjc1BXXpfL2C9R5+AU7jhe0F6GREqVMh4Juu+NY7xn+6dipUQ=="
  "resolved" "https://registry.npmjs.org/eslint-visitor-keys/-/eslint-visitor-keys-1.3.0.tgz"
  "version" "1.3.0"

"eslint-visitor-keys@^1.3.0":
  "integrity" "sha512-6J72N8UNa462wa/KFODt/PJ3IU60SDpC3QXC1Hjc1BXXpfL2C9R5+AU7jhe0F6GREqVMh4Juu+NY7xn+6dipUQ=="
  "resolved" "https://registry.npmjs.org/eslint-visitor-keys/-/eslint-visitor-keys-1.3.0.tgz"
  "version" "1.3.0"

"eslint-visitor-keys@^2.0.0":
  "integrity" "sha512-0rSmRBzXgDzIsD6mGdJgevzgezI534Cer5L/vyMX0kHzT/jiB43jRhd9YUlMGYLQy2zprNmoT8qasCGtY+QaKw=="
  "resolved" "https://registry.npmjs.org/eslint-visitor-keys/-/eslint-visitor-keys-2.1.0.tgz"
  "version" "2.1.0"

"eslint@*", "eslint@^5.0.0 || ^6.0.0 || ^7.0.0", "eslint@^7.17.0", "eslint@>=5":
  "integrity" "sha512-VHZ8gX+EDfz+97jGcgyGCyRia/dPOd6Xh9yPv8Bl1+SoaIwD+a/vlrOmGRUyOYu7MwUhc7CxqeaDZU13S4+EpA=="
  "resolved" "https://registry.npmjs.org/eslint/-/eslint-7.32.0.tgz"
  "version" "7.32.0"
  dependencies:
    "@babel/code-frame" "7.12.11"
    "@eslint/eslintrc" "^0.4.3"
    "@humanwhocodes/config-array" "^0.5.0"
    "ajv" "^6.10.0"
    "chalk" "^4.0.0"
    "cross-spawn" "^7.0.2"
    "debug" "^4.0.1"
    "doctrine" "^3.0.0"
    "enquirer" "^2.3.5"
    "escape-string-regexp" "^4.0.0"
    "eslint-scope" "^5.1.1"
    "eslint-utils" "^2.1.0"
    "eslint-visitor-keys" "^2.0.0"
    "espree" "^7.3.1"
    "esquery" "^1.4.0"
    "esutils" "^2.0.2"
    "fast-deep-equal" "^3.1.3"
    "file-entry-cache" "^6.0.1"
    "functional-red-black-tree" "^1.0.1"
    "glob-parent" "^5.1.2"
    "globals" "^13.6.0"
    "ignore" "^4.0.6"
    "import-fresh" "^3.0.0"
    "imurmurhash" "^0.1.4"
    "is-glob" "^4.0.0"
    "js-yaml" "^3.13.1"
    "json-stable-stringify-without-jsonify" "^1.0.1"
    "levn" "^0.4.1"
    "lodash.merge" "^4.6.2"
    "minimatch" "^3.0.4"
    "natural-compare" "^1.4.0"
    "optionator" "^0.9.1"
    "progress" "^2.0.0"
    "regexpp" "^3.1.0"
    "semver" "^7.2.1"
    "strip-ansi" "^6.0.0"
    "strip-json-comments" "^3.1.0"
    "table" "^6.0.9"
    "text-table" "^0.2.0"
    "v8-compile-cache" "^2.0.3"

"espree@^7.3.0", "espree@^7.3.1":
  "integrity" "sha512-v3JCNCE64umkFpmkFGqzVKsOT0tN1Zr+ueqLZfpV1Ob8e+CEgPWa+OxCoGH3tnhimMKIaBm4m/vaRpJ/krRz2g=="
  "resolved" "https://registry.npmjs.org/espree/-/espree-7.3.1.tgz"
  "version" "7.3.1"
  dependencies:
    "acorn" "^7.4.0"
    "acorn-jsx" "^5.3.1"
    "eslint-visitor-keys" "^1.3.0"

"esprima@^4.0.0":
  "integrity" "sha512-eGuFFw7Upda+g4p+QHvnW0RyTX/SVeJBDM/gCtMARO0cLuT2HcEKnTPvhjV6aGeqrCB/sbNop0Kszm0jsaWU4A=="
  "resolved" "https://registry.npmjs.org/esprima/-/esprima-4.0.1.tgz"
  "version" "4.0.1"

"esquery@^1.4.0":
  "integrity" "sha512-cCDispWt5vHHtwMY2YrAQ4ibFkAL8RbH5YGBnZBc90MolvvfkkQcJro/aZiAQUlQ3qgrYS6D6v8Gc5G5CQsc9w=="
  "resolved" "https://registry.npmjs.org/esquery/-/esquery-1.4.0.tgz"
  "version" "1.4.0"
  dependencies:
    "estraverse" "^5.1.0"

"esrecurse@^4.3.0":
  "integrity" "sha512-KmfKL3b6G+RXvP8N1vr3Tq1kL/oCFgn2NYXEtqP8/L3pKapUA4G8cFVaoF3SU323CD4XypR/ffioHmkti6/Tag=="
  "resolved" "https://registry.npmjs.org/esrecurse/-/esrecurse-4.3.0.tgz"
  "version" "4.3.0"
  dependencies:
    "estraverse" "^5.2.0"

"estraverse@^4.1.1":
  "integrity" "sha512-39nnKffWz8xN1BU/2c79n9nB9HDzo0niYUqx6xyqUnyoAnQyyWpOTdZEeiCch8BBu515t4wp9ZmgVfVhn9EBpw=="
  "resolved" "https://registry.npmjs.org/estraverse/-/estraverse-4.3.0.tgz"
  "version" "4.3.0"

"estraverse@^5.1.0":
  "integrity" "sha512-MMdARuVEQziNTeJD8DgMqmhwR11BRQ/cBP+pLtYdSTnf3MIO8fFeiINEbX36ZdNlfU/7A9f3gUw49B3oQsvwBA=="
  "resolved" "https://registry.npmjs.org/estraverse/-/estraverse-5.3.0.tgz"
  "version" "5.3.0"

"estraverse@^5.2.0":
  "integrity" "sha512-MMdARuVEQziNTeJD8DgMqmhwR11BRQ/cBP+pLtYdSTnf3MIO8fFeiINEbX36ZdNlfU/7A9f3gUw49B3oQsvwBA=="
  "resolved" "https://registry.npmjs.org/estraverse/-/estraverse-5.3.0.tgz"
  "version" "5.3.0"

"esutils@^2.0.2":
  "integrity" "sha512-kVscqXk4OCp68SZ0dkgEKVi6/8ij300KBWTJq32P/dYeWTSwK41WyTxalN1eRmA5Z9UU/LX9D7FWSmV9SAYx6g=="
  "resolved" "https://registry.npmjs.org/esutils/-/esutils-2.0.3.tgz"
  "version" "2.0.3"

"fast-deep-equal@^3.1.1", "fast-deep-equal@^3.1.3":
  "integrity" "sha512-f3qQ9oQy9j2AhBe/H9VC91wLmKBCCU/gDOnKNAYG5hswO7BLKj09Hc5HYNz9cGI++xlpDCIgDaitVs03ATR84Q=="
  "resolved" "https://registry.npmjs.org/fast-deep-equal/-/fast-deep-equal-3.1.3.tgz"
  "version" "3.1.3"

"fast-glob@^3.2.9":
  "integrity" "sha512-xrO3+1bxSo3ZVHAnqzyuewYT6aMFHRAd4Kcs92MAonjwQZLsK9d0SF1IyQ3k5PoirxTW0Oe/RqFgMQ6TcNE5Ew=="
  "resolved" "https://registry.npmjs.org/fast-glob/-/fast-glob-3.2.11.tgz"
  "version" "3.2.11"
  dependencies:
    "@nodelib/fs.stat" "^2.0.2"
    "@nodelib/fs.walk" "^1.2.3"
    "glob-parent" "^5.1.2"
    "merge2" "^1.3.0"
    "micromatch" "^4.0.4"

"fast-json-stable-stringify@^2.0.0":
  "integrity" "sha512-lhd/wF+Lk98HZoTCtlVraHtfh5XYijIjalXck7saUtuanSDyLMxnHhSXEDJqHxD7msR8D0uCmqlkwjCV8xvwHw=="
  "resolved" "https://registry.npmjs.org/fast-json-stable-stringify/-/fast-json-stable-stringify-2.1.0.tgz"
  "version" "2.1.0"

"fast-levenshtein@^2.0.6":
  "integrity" "sha1-PYpcZog6FqMMqGQ+hR8Zuqd5eRc= sha512-DCXu6Ifhqcks7TZKY3Hxp3y6qphY5SJZmrWMDrKcERSOXWQdMhU9Ig/PYrzyw/ul9jOIyh0N4M0tbC5hodg8dw=="
  "resolved" "https://registry.npmjs.org/fast-levenshtein/-/fast-levenshtein-2.0.6.tgz"
  "version" "2.0.6"

"fastq@^1.6.0":
  "integrity" "sha512-YpkpUnK8od0o1hmeSc7UUs/eB/vIPWJYjKck2QKIzAf71Vm1AAQ3EbuZB3g2JIy+pg+ERD0vqI79KyZiB2e2Nw=="
  "resolved" "https://registry.npmjs.org/fastq/-/fastq-1.13.0.tgz"
  "version" "1.13.0"
  dependencies:
    "reusify" "^1.0.4"

"file-entry-cache@^6.0.1":
  "integrity" "sha512-7Gps/XWymbLk2QLYK4NzpMOrYjMhdIxXuIvy2QBsLE6ljuodKvdkWs/cpyJJ3CVIVpH0Oi1Hvg1ovbMzLdFBBg=="
  "resolved" "https://registry.npmjs.org/file-entry-cache/-/file-entry-cache-6.0.1.tgz"
  "version" "6.0.1"
  dependencies:
    "flat-cache" "^3.0.4"

"fill-range@^7.0.1":
  "integrity" "sha512-qOo9F+dMUmC2Lcb4BbVvnKJxTPjCm+RRpe4gDuGrzkL7mEVl/djYSu2OdQ2Pa302N4oqkSg9ir6jaLWJ2USVpQ=="
  "resolved" "https://registry.npmjs.org/fill-range/-/fill-range-7.0.1.tgz"
  "version" "7.0.1"
  dependencies:
    "to-regex-range" "^5.0.1"

"flat-cache@^3.0.4":
  "integrity" "sha512-dm9s5Pw7Jc0GvMYbshN6zchCA9RgQlzzEZX3vylR9IqFfS8XciblUXOKfW6SiuJ0e13eDYZoZV5wdrev7P3Nwg=="
  "resolved" "https://registry.npmjs.org/flat-cache/-/flat-cache-3.0.4.tgz"
  "version" "3.0.4"
  dependencies:
    "flatted" "^3.1.0"
    "rimraf" "^3.0.2"

"flatted@^3.1.0":
  "integrity" "sha512-WIWGi2L3DyTUvUrwRKgGi9TwxQMUEqPOPQBVi71R96jZXJdFskXEmf54BoZaS1kknGODoIGASGEzBUYdyMCBJg=="
  "resolved" "https://registry.npmjs.org/flatted/-/flatted-3.2.5.tgz"
  "version" "3.2.5"

"fs.realpath@^1.0.0":
  "integrity" "sha1-FQStJSMVjKpA20onh8sBQRmU6k8= sha512-OO0pH2lK6a0hZnAdau5ItzHPI6pUlvI7jMVnxUQRtw4owF2wk8lOSabtGDCTP4Ggrg2MbGnWO9X8K1t4+fGMDw=="
  "resolved" "https://registry.npmjs.org/fs.realpath/-/fs.realpath-1.0.0.tgz"
  "version" "1.0.0"

"functional-red-black-tree@^1.0.1":
  "integrity" "sha1-GwqzvVU7Kg1jmdKcDj6gslIHgyc= sha512-dsKNQNdj6xA3T+QlADDA7mOSlX0qiMINjn0cgr+eGHGsbSHzTabcIogz2+p/iqP1Xs6EP/sS2SbqH+brGTbq0g=="
  "resolved" "https://registry.npmjs.org/functional-red-black-tree/-/functional-red-black-tree-1.0.1.tgz"
  "version" "1.0.1"

"glob-parent@^5.1.2":
  "integrity" "sha512-AOIgSQCepiJYwP3ARnGx+5VnTu2HBYdzbGP45eLw1vr3zB3vZLeyed1sC9hnbcOc9/SrMyM5RPQrkGz4aS9Zow=="
  "resolved" "https://registry.npmjs.org/glob-parent/-/glob-parent-5.1.2.tgz"
  "version" "5.1.2"
  dependencies:
    "is-glob" "^4.0.1"

"glob@^7.1.3":
  "integrity" "sha512-lmLf6gtyrPq8tTjSmrO94wBeQbFR3HbLHbuyD69wuyQkImp2hWqMGB47OX65FBkPffO641IP9jWa1z4ivqG26Q=="
  "resolved" "https://registry.npmjs.org/glob/-/glob-7.2.0.tgz"
  "version" "7.2.0"
  dependencies:
    "fs.realpath" "^1.0.0"
    "inflight" "^1.0.4"
    "inherits" "2"
    "minimatch" "^3.0.4"
    "once" "^1.3.0"
    "path-is-absolute" "^1.0.0"

"globals@^13.6.0", "globals@^13.9.0":
  "integrity" "sha512-317dFlgY2pdJZ9rspXDks7073GpDmXdfbM3vYYp0HAMKGDh1FfWPleI2ljVNLQX5M5lXcAslTcPTrOrMEFOjyw=="
  "resolved" "https://registry.npmjs.org/globals/-/globals-13.12.1.tgz"
  "version" "13.12.1"
  dependencies:
    "type-fest" "^0.20.2"

"globby@^11.0.3":
  "integrity" "sha512-jhIXaOzy1sb8IyocaruWSn1TjmnBVs8Ayhcy83rmxNJ8q2uWKCAj3CnJY+KpGSXCueAPc0i05kVvVKtP1t9S3g=="
  "resolved" "https://registry.npmjs.org/globby/-/globby-11.1.0.tgz"
  "version" "11.1.0"
  dependencies:
    "array-union" "^2.1.0"
    "dir-glob" "^3.0.1"
    "fast-glob" "^3.2.9"
    "ignore" "^5.2.0"
    "merge2" "^1.4.1"
    "slash" "^3.0.0"

"google-protobuf@^3.6.1":
  "integrity" "sha512-byR7MBTK4tZ5PZEb+u5ZTzpt4SfrTxv5682MjPlHN16XeqgZE2/8HOIWeiXe8JKnT9OVbtBGhbq8mtvkK8cd5g=="
  "resolved" "https://registry.npmjs.org/google-protobuf/-/google-protobuf-3.21.0.tgz"
  "version" "3.21.0"

"has-flag@^3.0.0":
  "integrity" "sha1-tdRU3CGZriJWmfNGfloH87lVuv0= sha512-sKJf1+ceQBr4SMkvQnBDNDtf4TXpVhVGateu0t918bl30FnbE2m4vNLX+VWe/dpjlb+HugGYzW7uQXH98HPEYw=="
  "resolved" "https://registry.npmjs.org/has-flag/-/has-flag-3.0.0.tgz"
  "version" "3.0.0"

"has-flag@^4.0.0":
  "integrity" "sha512-EykJT/Q1KjTWctppgIAgfSO0tKVuZUjhgMr17kqTumMl6Afv3EISleU7qZUzoXDFTAHTDC4NOoG/ZxU3EvlMPQ=="
  "resolved" "https://registry.npmjs.org/has-flag/-/has-flag-4.0.0.tgz"
  "version" "4.0.0"

"ignore@^4.0.6":
  "integrity" "sha512-cyFDKrqc/YdcWFniJhzI42+AzS+gNwmUzOSFcRCQYwySuBBBy/KjuxWLZ/FHEH6Moq1NizMOBWyTcv8O4OZIMg=="
  "resolved" "https://registry.npmjs.org/ignore/-/ignore-4.0.6.tgz"
  "version" "4.0.6"

"ignore@^5.1.8", "ignore@^5.2.0":
  "integrity" "sha512-CmxgYGiEPCLhfLnpPp1MoRmifwEIOgjcHXxOBjv7mY96c+eWScsOP9c112ZyLdWHi0FxHjI+4uVhKYp/gcdRmQ=="
  "resolved" "https://registry.npmjs.org/ignore/-/ignore-5.2.0.tgz"
  "version" "5.2.0"

"import-fresh@^3.0.0", "import-fresh@^3.2.1":
  "integrity" "sha512-veYYhQa+D1QBKznvhUHxb8faxlrwUnxseDAbAp457E0wLNio2bOSKnjYDhMj+YiAq61xrMGhQk9iXVk5FzgQMw=="
  "resolved" "https://registry.npmjs.org/import-fresh/-/import-fresh-3.3.0.tgz"
  "version" "3.3.0"
  dependencies:
    "parent-module" "^1.0.0"
    "resolve-from" "^4.0.0"

"imurmurhash@^0.1.4":
  "integrity" "sha1-khi5srkoojixPcT7a21XbyMUU+o= sha512-JmXMZ6wuvDmLiHEml9ykzqO6lwFbof0GG4IkcGaENdCRDDmMVnny7s5HsIgHCbaq0w2MyPhDqkhTUgS2LU2PHA=="
  "resolved" "https://registry.npmjs.org/imurmurhash/-/imurmurhash-0.1.4.tgz"
  "version" "0.1.4"

"inflight@^1.0.4":
  "integrity" "sha1-Sb1jMdfQLQwJvJEKEHW6gWW1bfk= sha512-k92I/b08q4wvFscXCLvqfsHCrjrF7yiXsQuIVvVE7N82W3+aqpzuUdBbfhWcy/FZR3/4IgflMgKLOsvPDrGCJA=="
  "resolved" "https://registry.npmjs.org/inflight/-/inflight-1.0.6.tgz"
  "version" "1.0.6"
  dependencies:
    "once" "^1.3.0"
    "wrappy" "1"

"inherits@2":
  "integrity" "sha512-k/vGaX4/Yla3WzyMCvTQOXYeIHvqOKtnqBduzTHpzpQZzAskKMhZ2K+EnBiSM9zGSoIFeMpXKxa4dYeZIQqewQ=="
  "resolved" "https://registry.npmjs.org/inherits/-/inherits-2.0.4.tgz"
  "version" "2.0.4"

"is-extglob@^2.1.1":
  "integrity" "sha1-qIwCU1eR8C7TfHahueqXc8gz+MI= sha512-SbKbANkN603Vi4jEZv49LeVJMn4yGwsbzZworEoyEiutsN3nJYdbO36zfhGJ6QEDpOZIFkDtnq5JRxmvl3jsoQ=="
  "resolved" "https://registry.npmjs.org/is-extglob/-/is-extglob-2.1.1.tgz"
  "version" "2.1.1"

"is-fullwidth-code-point@^3.0.0":
  "integrity" "sha512-zymm5+u+sCsSWyD9qNaejV3DFvhCKclKdizYaJUuHA83RLjb7nSuGnddCHGv0hk+KY7BMAlsWeK4Ueg6EV6XQg=="
  "resolved" "https://registry.npmjs.org/is-fullwidth-code-point/-/is-fullwidth-code-point-3.0.0.tgz"
  "version" "3.0.0"

"is-glob@^4.0.0", "is-glob@^4.0.1":
  "integrity" "sha512-xelSayHH36ZgE7ZWhli7pW34hNbNl8Ojv5KVmkJD4hBdD3th8Tfk9vYasLM+mXWOZhFkgZfxhLSnrwRr4elSSg=="
  "resolved" "https://registry.npmjs.org/is-glob/-/is-glob-4.0.3.tgz"
  "version" "4.0.3"
  dependencies:
    "is-extglob" "^2.1.1"

"is-number@^7.0.0":
  "integrity" "sha512-41Cifkg6e8TylSpdtTpeLVMqvSBEVzTttHvERD741+pnZ8ANv0004MRL43QKPDlK9cGvNp6NZWZUBlbGXYxxng=="
  "resolved" "https://registry.npmjs.org/is-number/-/is-number-7.0.0.tgz"
  "version" "7.0.0"

"isexe@^2.0.0":
  "integrity" "sha1-6PvzdNxVb/iUehDcsFctYz8s+hA= sha512-RHxMLp9lnKHGHRng9QFhRCMbYAcVpn69smSGcq3f36xjgVVWThj4qqLbTLlq7Ssj8B+fIQ1EuCEGI2lKsyQeIw=="
  "resolved" "https://registry.npmjs.org/isexe/-/isexe-2.0.0.tgz"
  "version" "2.0.0"

"js-tokens@^4.0.0":
  "integrity" "sha512-RdJUflcE3cUzKiMqQgsCu06FPu9UdIJO0beYbPhHN4k6apgJtifcoCtT9bcxOpYBtpD2kCM6Sbzg4CausW/PKQ=="
  "resolved" "https://registry.npmjs.org/js-tokens/-/js-tokens-4.0.0.tgz"
  "version" "4.0.0"

"js-yaml@^3.13.1":
  "integrity" "sha512-okMH7OXXJ7YrN9Ok3/SXrnu4iX9yOk+25nqX4imS2npuvTYDmo/QEZoqwZkYaIDk3jVvBOTOIEgEhaLOynBS9g=="
  "resolved" "https://registry.npmjs.org/js-yaml/-/js-yaml-3.14.1.tgz"
  "version" "3.14.1"
  dependencies:
    "argparse" "^1.0.7"
    "esprima" "^4.0.0"

"json-schema-traverse@^0.4.1":
  "integrity" "sha512-xbbCH5dCYU5T8LcEhhuh7HJ88HXuW3qsI3Y0zOZFKfZEHcpWiHU/Jxzk629Brsab/mMiHQti9wMP+845RPe3Vg=="
  "resolved" "https://registry.npmjs.org/json-schema-traverse/-/json-schema-traverse-0.4.1.tgz"
  "version" "0.4.1"

"json-schema-traverse@^1.0.0":
  "integrity" "sha512-NM8/P9n3XjXhIZn1lLhkFaACTOURQXjWhV4BA/RnOv8xvgqtqpAX9IO4mRQxSx1Rlo4tqzeqb0sOlruaOy3dug=="
  "resolved" "https://registry.npmjs.org/json-schema-traverse/-/json-schema-traverse-1.0.0.tgz"
  "version" "1.0.0"

"json-stable-stringify-without-jsonify@^1.0.1":
  "integrity" "sha1-nbe1lJatPzz+8wp1FC0tkwrXJlE= sha512-Bdboy+l7tA3OGW6FjyFHWkP5LuByj1Tk33Ljyq0axyzdk9//JSi2u3fP1QSmd1KNwq6VOKYGlAu87CisVir6Pw=="
  "resolved" "https://registry.npmjs.org/json-stable-stringify-without-jsonify/-/json-stable-stringify-without-jsonify-1.0.1.tgz"
  "version" "1.0.1"

"levn@^0.4.1":
  "integrity" "sha512-+bT2uH4E5LGE7h/n3evcS/sQlJXCpIp6ym8OWJ5eV6+67Dsql/LaaT7qJBAt2rzfoa/5QBGBhxDix1dMt2kQKQ=="
  "resolved" "https://registry.npmjs.org/levn/-/levn-0.4.1.tgz"
  "version" "0.4.1"
  dependencies:
    "prelude-ls" "^1.2.1"
    "type-check" "~0.4.0"

"lodash.merge@^4.6.2":
  "integrity" "sha512-0KpjqXRVvrYyCsX1swR/XTK0va6VQkQM6MNo7PqW77ByjAhoARA8EfrP1N4+KlKj8YS0ZUCtRT/YUuhyYDujIQ=="
  "resolved" "https://registry.npmjs.org/lodash.merge/-/lodash.merge-4.6.2.tgz"
  "version" "4.6.2"

"lodash.truncate@^4.4.2":
  "integrity" "sha1-WjUNoLERO4N+z//VgSy+WNbq4ZM= sha512-jttmRe7bRse52OsWIMDLaXxWqRAmtIUccAQ3garviCqJjafXOfNMO0yMfNpdD6zbGaTU0P5Nz7e7gAT6cKmJRw=="
  "resolved" "https://registry.npmjs.org/lodash.truncate/-/lodash.truncate-4.4.2.tgz"
  "version" "4.4.2"

"lru-cache@^6.0.0":
  "integrity" "sha512-Jo6dJ04CmSjuznwJSS3pUeWmd/H0ffTlkXXgwZi+eq1UCmqQwCh+eLsYOYCwY991i2Fah4h1BEMCx4qThGbsiA=="
  "resolved" "https://registry.npmjs.org/lru-cache/-/lru-cache-6.0.0.tgz"
  "version" "6.0.0"
  dependencies:
    "yallist" "^4.0.0"

"merge2@^1.3.0", "merge2@^1.4.1":
  "integrity" "sha512-8q7VEgMJW4J8tcfVPy8g09NcQwZdbwFEqhe/WZkoIzjn/3TGDwtOCYtXGxA3O8tPzpczCCDgv+P2P5y00ZJOOg=="
  "resolved" "https://registry.npmjs.org/merge2/-/merge2-1.4.1.tgz"
  "version" "1.4.1"

"micromatch@^4.0.4":
  "integrity" "sha512-pRmzw/XUcwXGpD9aI9q/0XOwLNygjETJ8y0ao0wdqprrzDa4YnxLcz7fQRZr8voh8V10kGhABbNcHVk5wHgWwg=="
  "resolved" "https://registry.npmjs.org/micromatch/-/micromatch-4.0.4.tgz"
  "version" "4.0.4"
  dependencies:
    "braces" "^3.0.1"
    "picomatch" "^2.2.3"

"minimatch@^3.0.4":
  "integrity" "sha512-J7p63hRiAjw1NDEww1W7i37+ByIrOWO5XQQAzZ3VOcL0PNybwpfmV/N05zFAzwQ9USyEcX6t3UO+K5aqBQOIHw=="
  "resolved" "https://registry.npmjs.org/minimatch/-/minimatch-3.1.2.tgz"
  "version" "3.1.2"
  dependencies:
    "brace-expansion" "^1.1.7"

"ms@2.1.2":
  "integrity" "sha512-sGkPx+VjMtmA6MX27oA4FBFELFCZZ4S4XqeGOXCv68tT+jb3vk/RyaKWP0PTKyWtmLSM0b+adUTEvbs1PEaH2w=="
  "resolved" "https://registry.npmjs.org/ms/-/ms-2.1.2.tgz"
  "version" "2.1.2"

"natural-compare@^1.4.0":
  "integrity" "sha1-Sr6/7tdUHywnrPspvbvRXI1bpPc= sha512-OWND8ei3VtNC9h7V60qff3SVobHr996CTwgxubgyQYEpg290h9J0buyECNNJexkFm5sOajh5G116RYA1c8ZMSw=="
  "resolved" "https://registry.npmjs.org/natural-compare/-/natural-compare-1.4.0.tgz"
  "version" "1.4.0"

"once@^1.3.0":
  "integrity" "sha1-WDsap3WWHUsROsF9nFC6753Xa9E= sha512-lNaJgI+2Q5URQBkccEKHTQOPaXdUxnZZElQTZY0MFUAuaEqe1E+Nyvgdz/aIyNi6Z9MzO5dv1H8n58/GELp3+w=="
  "resolved" "https://registry.npmjs.org/once/-/once-1.4.0.tgz"
  "version" "1.4.0"
  dependencies:
    "wrappy" "1"

"optionator@^0.9.1":
  "integrity" "sha512-74RlY5FCnhq4jRxVUPKDaRwrVNXMqsGsiW6AJw4XK8hmtm10wC0ypZBLw5IIp85NZMr91+qd1RvvENwg7jjRFw=="
  "resolved" "https://registry.npmjs.org/optionator/-/optionator-0.9.1.tgz"
  "version" "0.9.1"
  dependencies:
    "deep-is" "^0.1.3"
    "fast-levenshtein" "^2.0.6"
    "levn" "^0.4.1"
    "prelude-ls" "^1.2.1"
    "type-check" "^0.4.0"
    "word-wrap" "^1.2.3"

"parent-module@^1.0.0":
  "integrity" "sha512-GQ2EWRpQV8/o+Aw8YqtfZZPfNRWZYkbidE9k5rpl/hC3vtHHBfGm2Ifi6qWV+coDGkrUKZAxE3Lot5kcsRlh+g=="
  "resolved" "https://registry.npmjs.org/parent-module/-/parent-module-1.0.1.tgz"
  "version" "1.0.1"
  dependencies:
    "callsites" "^3.0.0"

"path-is-absolute@^1.0.0":
  "integrity" "sha1-F0uSaHNVNP+8es5r9TpanhtcX18= sha512-AVbw3UJ2e9bq64vSaS9Am0fje1Pa8pbGqTTsmXfaIiMpnr5DlDhfJOuLj9Sf95ZPVDAUerDfEk88MPmPe7UCQg=="
  "resolved" "https://registry.npmjs.org/path-is-absolute/-/path-is-absolute-1.0.1.tgz"
  "version" "1.0.1"

"path-key@^3.1.0":
  "integrity" "sha512-ojmeN0qd+y0jszEtoY48r0Peq5dwMEkIlCOu6Q5f41lfkswXuKtYrhgoTpLnyIcHm24Uhqx+5Tqm2InSwLhE6Q=="
  "resolved" "https://registry.npmjs.org/path-key/-/path-key-3.1.1.tgz"
  "version" "3.1.1"

"path-type@^4.0.0":
  "integrity" "sha512-gDKb8aZMDeD/tZWs9P6+q0J9Mwkdl6xMV8TjnGP3qJVJ06bdMgkbBlLU8IdfOsIsFz2BW1rNVT3XuNEl8zPAvw=="
  "resolved" "https://registry.npmjs.org/path-type/-/path-type-4.0.0.tgz"
  "version" "4.0.0"

"picomatch@^2.2.3":
  "integrity" "sha512-JU3teHTNjmE2VCGFzuY8EXzCDVwEqB2a8fsIvwaStHhAWJEeVd1o1QD80CU6+ZdEXXSLbSsuLwJjkCBWqRQUVA=="
  "resolved" "https://registry.npmjs.org/picomatch/-/picomatch-2.3.1.tgz"
  "version" "2.3.1"

"prelude-ls@^1.2.1":
  "integrity" "sha512-vkcDPrRZo1QZLbn5RLGPpg/WmIQ65qoWWhcGKf/b5eplkkarX0m9z8ppCat4mlOqUsWpyNuYgO3VRyrYHSzX5g=="
  "resolved" "https://registry.npmjs.org/prelude-ls/-/prelude-ls-1.2.1.tgz"
  "version" "1.2.1"

"progress@^2.0.0":
  "integrity" "sha512-7PiHtLll5LdnKIMw100I+8xJXR5gW2QwWYkT6iJva0bXitZKa/XMrSbdmg3r2Xnaidz9Qumd0VPaMrZlF9V9sA=="
  "resolved" "https://registry.npmjs.org/progress/-/progress-2.0.3.tgz"
  "version" "2.0.3"

"punycode@^2.1.0":
  "integrity" "sha512-XRsRjdf+j5ml+y/6GKHPZbrF/8p2Yga0JPtdqTIY2Xe5ohJPD9saDJJLPvp9+NSBprVvevdXZybnj2cv8OEd0A=="
  "resolved" "https://registry.npmjs.org/punycode/-/punycode-2.1.1.tgz"
  "version" "2.1.1"

"queue-microtask@^1.2.2":
  "integrity" "sha512-NuaNSa6flKT5JaSYQzJok04JzTL1CA6aGhv5rfLW3PgqA+M2ChpZQnAC8h8i4ZFkBS8X5RqkDBHA7r4hej3K9A=="
  "resolved" "https://registry.npmjs.org/queue-microtask/-/queue-microtask-1.2.3.tgz"
  "version" "1.2.3"

"regexpp@^3.1.0":
  "integrity" "sha512-pq2bWo9mVD43nbts2wGv17XLiNLya+GklZ8kaDLV2Z08gDCsGpnKn9BFMepvWuHCbyVvY7J5o5+BVvoQbmlJLg=="
  "resolved" "https://registry.npmjs.org/regexpp/-/regexpp-3.2.0.tgz"
  "version" "3.2.0"

"require-from-string@^2.0.2":
  "integrity" "sha512-Xf0nWe6RseziFMu+Ap9biiUbmplq6S9/p+7w7YXP/JBHhrUDDUhwa+vANyubuqfZWTveU//DYVGsDG7RKL/vEw=="
  "resolved" "https://registry.npmjs.org/require-from-string/-/require-from-string-2.0.2.tgz"
  "version" "2.0.2"

"resolve-from@^4.0.0":
  "integrity" "sha512-pb/MYmXstAkysRFx8piNI1tGFNQIFA3vkE3Gq4EuA1dF6gHp/+vgZqsCGJapvy8N3Q+4o7FwvquPJcnZ7RYy4g=="
  "resolved" "https://registry.npmjs.org/resolve-from/-/resolve-from-4.0.0.tgz"
  "version" "4.0.0"

"reusify@^1.0.4":
  "integrity" "sha512-U9nH88a3fc/ekCF1l0/UP1IosiuIjyTh7hBvXVMHYgVcfGvt897Xguj2UOLDeI5BG2m7/uwyaLVT6fbtCwTyzw=="
  "resolved" "https://registry.npmjs.org/reusify/-/reusify-1.0.4.tgz"
  "version" "1.0.4"

"rimraf@^3.0.2":
  "integrity" "sha512-JZkJMZkAGFFPP2YqXZXPbMlMBgsxzE8ILs4lMIX/2o0L9UBw9O/Y3o6wFw/i9YLapcUJWwqbi3kdxIPdC62TIA=="
  "resolved" "https://registry.npmjs.org/rimraf/-/rimraf-3.0.2.tgz"
  "version" "3.0.2"
  dependencies:
    "glob" "^7.1.3"

"run-parallel@^1.1.9":
  "integrity" "sha512-5l4VyZR86LZ/lDxZTR6jqL8AFE2S0IFLMP26AbjsLVADxHdhB/c0GUsH+y39UfCi3dzz8OlQuPmnaJOMoDHQBA=="
  "resolved" "https://registry.npmjs.org/run-parallel/-/run-parallel-1.2.0.tgz"
  "version" "1.2.0"
  dependencies:
    "queue-microtask" "^1.2.2"

"semver@^7.2.1":
  "integrity" "sha512-PoeGJYh8HK4BTO/a9Tf6ZG3veo/A7ZVsYrSA6J8ny9nb3B1VrpkuN+z9OE5wfE5p6H4LchYZsegiQgbJD94ZFQ=="
  "resolved" "https://registry.npmjs.org/semver/-/semver-7.3.5.tgz"
  "version" "7.3.5"
  dependencies:
    "lru-cache" "^6.0.0"

"semver@^7.3.5":
  "integrity" "sha512-PoeGJYh8HK4BTO/a9Tf6ZG3veo/A7ZVsYrSA6J8ny9nb3B1VrpkuN+z9OE5wfE5p6H4LchYZsegiQgbJD94ZFQ=="
  "resolved" "https://registry.npmjs.org/semver/-/semver-7.3.5.tgz"
  "version" "7.3.5"
  dependencies:
    "lru-cache" "^6.0.0"

"semver@5.6.0":
  "integrity" "sha512-RS9R6R35NYgQn++fkDWaOmqGoj4Ek9gGs+DPxNUZKuwE183xjJroKvyo1IzVFeXvUrvmALy6FWD5xrdJT25gMg=="
  "resolved" "https://registry.npmjs.org/semver/-/semver-5.6.0.tgz"
  "version" "5.6.0"

"shebang-command@^2.0.0":
  "integrity" "sha512-kHxr2zZpYtdmrN1qDjrrX/Z1rR1kG8Dx+gkpK1G4eXmvXswmcE1hTWBWYUzlraYw1/yZp6YuDY77YtvbN0dmDA=="
  "resolved" "https://registry.npmjs.org/shebang-command/-/shebang-command-2.0.0.tgz"
  "version" "2.0.0"
  dependencies:
    "shebang-regex" "^3.0.0"

"shebang-regex@^3.0.0":
  "integrity" "sha512-7++dFhtcx3353uBaq8DDR4NuxBetBzC7ZQOhmTQInHEd6bSrXdiEyzCvG07Z44UYdLShWUyXt5M/yhz8ekcb1A=="
  "resolved" "https://registry.npmjs.org/shebang-regex/-/shebang-regex-3.0.0.tgz"
  "version" "3.0.0"

"slash@^3.0.0":
  "integrity" "sha512-g9Q1haeby36OSStwb4ntCGGGaKsaVSjQ68fBxoQcutl5fS1vuY18H3wSt3jFyFtrkx+Kz0V1G85A4MyAdDMi2Q=="
  "resolved" "https://registry.npmjs.org/slash/-/slash-3.0.0.tgz"
  "version" "3.0.0"

"slice-ansi@^4.0.0":
  "integrity" "sha512-qMCMfhY040cVHT43K9BFygqYbUPFZKHOg7K73mtTWJRb8pyP3fzf4Ixd5SzdEJQ6MRUg/WBnOLxghZtKKurENQ=="
  "resolved" "https://registry.npmjs.org/slice-ansi/-/slice-ansi-4.0.0.tgz"
  "version" "4.0.0"
  dependencies:
    "ansi-styles" "^4.0.0"
    "astral-regex" "^2.0.0"
    "is-fullwidth-code-point" "^3.0.0"

"source-map-support@0.5.9":
  "integrity" "sha512-gR6Rw4MvUlYy83vP0vxoVNzM6t8MUXqNuRsuBmBHQDu1Fh6X015FrLdgoDKcNdkwGubozq0P4N0Q37UyFVr1EA=="
  "resolved" "https://registry.npmjs.org/source-map-support/-/source-map-support-0.5.9.tgz"
  "version" "0.5.9"
  dependencies:
    "buffer-from" "^1.0.0"
    "source-map" "^0.6.0"

"source-map@^0.6.0":
  "integrity" "sha512-UjgapumWlbMhkBgzT7Ykc5YXUT46F0iKu8SGXq0bcwP5dz/h0Plj6enJqjz1Zbq2l5WaqYnrVbwWOWMyF3F47g=="
  "resolved" "https://registry.npmjs.org/source-map/-/source-map-0.6.1.tgz"
  "version" "0.6.1"

"sprintf-js@~1.0.2":
  "integrity" "sha1-BOaSb2YolTVPPdAVIDYzuFcpfiw= sha512-D9cPgkvLlV3t3IzL0D0YLvGA9Ahk4PcvVwUbN0dSGr1aP0Nrt4AEnTUbuGvquEC0mA64Gqt1fzirlRs5ibXx8g=="
  "resolved" "https://registry.npmjs.org/sprintf-js/-/sprintf-js-1.0.3.tgz"
  "version" "1.0.3"

"string-width@^4.2.3":
  "integrity" "sha512-wKyQRQpjJ0sIp62ErSZdGsjMJWsap5oRNihHhu6G7JVO/9jIB6UyevL+tXuOqrng8j/cxKTWyWUwvSTriiZz/g=="
  "resolved" "https://registry.npmjs.org/string-width/-/string-width-4.2.3.tgz"
  "version" "4.2.3"
  dependencies:
    "emoji-regex" "^8.0.0"
    "is-fullwidth-code-point" "^3.0.0"
    "strip-ansi" "^6.0.1"

"strip-ansi@^6.0.0", "strip-ansi@^6.0.1":
  "integrity" "sha512-Y38VPSHcqkFrCpFnQ9vuSXmquuv5oXOKpGeT6aGrr3o3Gc9AlVa6JBfUSOCnbxGGZF+/0ooI7KrPuUSztUdU5A=="
  "resolved" "https://registry.npmjs.org/strip-ansi/-/strip-ansi-6.0.1.tgz"
  "version" "6.0.1"
  dependencies:
    "ansi-regex" "^5.0.1"

"strip-json-comments@^3.1.0", "strip-json-comments@^3.1.1":
  "integrity" "sha512-6fPc+R4ihwqP6N/aIv2f1gMH8lOVtWQHoqC4yK6oSDVVocumAsfCqjkXnqiYMhmMwS/mEHLp7Vehlt3ql6lEig=="
  "resolved" "https://registry.npmjs.org/strip-json-comments/-/strip-json-comments-3.1.1.tgz"
  "version" "3.1.1"

"supports-color@^5.3.0":
  "integrity" "sha512-QjVjwdXIt408MIiAqCX4oUKsgU2EqAGzs2Ppkm4aQYbjm+ZEWEcW4SfFNTr4uMNZma0ey4f5lgLrkB0aX0QMow=="
  "resolved" "https://registry.npmjs.org/supports-color/-/supports-color-5.5.0.tgz"
  "version" "5.5.0"
  dependencies:
    "has-flag" "^3.0.0"

"supports-color@^7.1.0":
  "integrity" "sha512-qpCAvRl9stuOHveKsn7HncJRvv501qIacKzQlO/+Lwxc9+0q2wLyv4Dfvt80/DPn2pqOBsJdDiogXGR9+OvwRw=="
  "resolved" "https://registry.npmjs.org/supports-color/-/supports-color-7.2.0.tgz"
  "version" "7.2.0"
  dependencies:
    "has-flag" "^4.0.0"

"table@^6.0.9":
  "integrity" "sha512-s/fitrbVeEyHKFa7mFdkuQMWlH1Wgw/yEXMt5xACT4ZpzWFluehAxRtUUQKPuWhaLAWhFcVx6w3oC8VKaUfPGA=="
  "resolved" "https://registry.npmjs.org/table/-/table-6.8.0.tgz"
  "version" "6.8.0"
  dependencies:
    "ajv" "^8.0.1"
    "lodash.truncate" "^4.4.2"
    "slice-ansi" "^4.0.0"
    "string-width" "^4.2.3"
    "strip-ansi" "^6.0.1"

"text-table@^0.2.0":
  "integrity" "sha1-f17oI66AUgfACvLfSoTsP8+lcLQ= sha512-N+8UisAXDGk8PFXP4HAzVR9nbfmVJ3zYLAWiTIoqC5v5isinhr+r5uaO8+7r3BMfuNIufIsA7RdpVgacC2cSpw=="
  "resolved" "https://registry.npmjs.org/text-table/-/text-table-0.2.0.tgz"
  "version" "0.2.0"

"to-regex-range@^5.0.1":
  "integrity" "sha512-65P7iz6X5yEr1cwcgvQxbbIw7Uk3gOy5dIdtZ4rDveLqhrdJP+Li/Hx6tyK0NEb+2GCyneCMJiGqrADCSNk8sQ=="
  "resolved" "https://registry.npmjs.org/to-regex-range/-/to-regex-range-5.0.1.tgz"
  "version" "5.0.1"
  dependencies:
    "is-number" "^7.0.0"

"tslib@^1.8.1":
  "integrity" "sha512-Xni35NKzjgMrwevysHTCArtLDpPvye8zV/0E4EyYn43P7/7qvQwPh9BGkHewbMulVntbigmcT7rdX3BNo9wRJg=="
  "resolved" "https://registry.npmjs.org/tslib/-/tslib-1.14.1.tgz"
  "version" "1.14.1"

"tsutils@^3.21.0", "tsutils@3.21.0":
  "integrity" "sha512-mHKK3iUXL+3UF6xL5k0PEhKRUBKPBCv/+RkEOpjRWxxx27KKRBmmA60A9pgOUvMi8GKhRMPEmjBRPzs2W7O1OA=="
  "resolved" "https://registry.npmjs.org/tsutils/-/tsutils-3.21.0.tgz"
  "version" "3.21.0"
  dependencies:
    "tslib" "^1.8.1"

"type-check@^0.4.0", "type-check@~0.4.0":
  "integrity" "sha512-XleUoc9uwGXqjWwXaUTZAmzMcFZ5858QA2vvx1Ur5xIcixXIP+8LnFDgRplU30us6teqdlskFfu+ae4K79Ooew=="
  "resolved" "https://registry.npmjs.org/type-check/-/type-check-0.4.0.tgz"
  "version" "0.4.0"
  dependencies:
    "prelude-ls" "^1.2.1"

"type-fest@^0.20.2":
  "integrity" "sha512-Ne+eE4r0/iWnpAxD852z3A+N0Bt5RN//NjJwRd2VFHEmrywxf5vsZlh4R6lixl6B+wz/8d+maTSAkN1FIkI3LQ=="
  "resolved" "https://registry.npmjs.org/type-fest/-/type-fest-0.20.2.tgz"
  "version" "0.20.2"

"typescript@^4.5.5", "typescript@>=2.8.0 || >= 3.2.0-dev || >= 3.3.0-dev || >= 3.4.0-dev || >= 3.5.0-dev || >= 3.6.0-dev || >= 3.6.0-beta || >= 3.7.0-dev || >= 3.7.0-beta", "typescript@>=3.0.0":
  "integrity" "sha512-HM/hFigTBHZhLXshn9sN37H085+hQGeJHJ/X7LpBWLID/fbc2acUMfU+lGD98X81sKP+pFa9f0DZmCwB9GnbAg=="
  "resolved" "https://registry.npmjs.org/typescript/-/typescript-4.6.2.tgz"
  "version" "4.6.2"

"uri-js@^4.2.2":
  "integrity" "sha512-7rKUyy33Q1yc98pQ1DAmLtwX109F7TIfWlW1Ydo8Wl1ii1SeHieeh0HHfPeL2fMXK6z0s8ecKs9frCuLJvndBg=="
  "resolved" "https://registry.npmjs.org/uri-js/-/uri-js-4.4.1.tgz"
  "version" "4.4.1"
  dependencies:
    "punycode" "^2.1.0"

"v8-compile-cache@^2.0.3":
  "integrity" "sha512-l8lCEmLcLYZh4nbunNZvQCJc5pv7+RCwa8q/LdUx8u7lsWvPDKmpodJAJNwkAhJC//dFY48KuIEmjtd4RViDrA=="
  "resolved" "https://registry.npmjs.org/v8-compile-cache/-/v8-compile-cache-2.3.0.tgz"
  "version" "2.3.0"

"which@^2.0.1":
  "integrity" "sha512-BLI3Tl1TW3Pvl70l3yq3Y64i+awpwXqsGBYWkkqMtnbXgrMD+yj7rhW0kuEDxzJaYXGjEW5ogapKNMEKNMjibA=="
  "resolved" "https://registry.npmjs.org/which/-/which-2.0.2.tgz"
  "version" "2.0.2"
  dependencies:
    "isexe" "^2.0.0"

"word-wrap@^1.2.3":
  "integrity" "sha512-Hz/mrNwitNRh/HUAtM/VT/5VH+ygD6DV7mYKZAtHOrbs8U7lvPS6xf7EJKMF0uW1KJCl0H701g3ZGus+muE5vQ=="
  "resolved" "https://registry.npmjs.org/word-wrap/-/word-wrap-1.2.3.tgz"
  "version" "1.2.3"

"wrappy@1":
  "integrity" "sha1-tSQ9jz7BqjXxNkYFvA0QNuMKtp8= sha512-l4Sp/DRseor9wL6EvV2+TuQn63dMkPjZ/sp9XkghTEbV9KlPS1xUsZ3u7/IQO4wxtcFB4bgpQPRcR3QCvezPcQ=="
  "resolved" "https://registry.npmjs.org/wrappy/-/wrappy-1.0.2.tgz"
  "version" "1.0.2"

"yallist@^4.0.0":
  "integrity" "sha512-3wdGidZyq5PB084XLES5TpOSRA3wjXAlIWMhum2kRcv/41Sn2emQ0dycQW4uZXLejwKvg6EsvbdlVL+FYEct7A=="
  "resolved" "https://registry.npmjs.org/yallist/-/yallist-4.0.0.tgz"
  "version" "4.0.0"
